// !$*UTF8*$!
{
	archiveVersion = 1;
	classes = {
	};
	objectVersion = 46;
	objects = {

/* Begin PBXBuildFile section */
		CD8D90591DBB84B600A4302D /* AppDelegate.swift in Sources */ = {isa = PBXBuildFile; fileRef = CD8D90581DBB84B600A4302D /* AppDelegate.swift */; };
		CD8D905B1DBB84B600A4302D /* ViewController.swift in Sources */ = {isa = PBXBuildFile; fileRef = CD8D905A1DBB84B600A4302D /* ViewController.swift */; };
		CD8D90601DBB84B600A4302D /* Assets.xcassets in Resources */ = {isa = PBXBuildFile; fileRef = CD8D905F1DBB84B600A4302D /* Assets.xcassets */; };
		CD8D906E1DBB84B700A4302D /* chatExampleTests.swift in Sources */ = {isa = PBXBuildFile; fileRef = CD8D906D1DBB84B700A4302D /* chatExampleTests.swift */; };
		CD8D90791DBB84B700A4302D /* chatExampleUITests.swift in Sources */ = {isa = PBXBuildFile; fileRef = CD8D90781DBB84B700A4302D /* chatExampleUITests.swift */; };
		CD8D90871DBB853300A4302D /* Router.swift in Sources */ = {isa = PBXBuildFile; fileRef = CD8D90861DBB853300A4302D /* Router.swift */; };
		CD8D90891DBB8F3800A4302D /* Launch Screen.storyboard in Resources */ = {isa = PBXBuildFile; fileRef = CD8D90881DBB8F3800A4302D /* Launch Screen.storyboard */; };
/* End PBXBuildFile section */

/* Begin PBXContainerItemProxy section */
		CD8D906A1DBB84B700A4302D /* PBXContainerItemProxy */ = {
			isa = PBXContainerItemProxy;
			containerPortal = CD8D904D1DBB84B600A4302D /* Project object */;
			proxyType = 1;
			remoteGlobalIDString = CD8D90541DBB84B600A4302D;
			remoteInfo = chatExample;
		};
		CD8D90751DBB84B700A4302D /* PBXContainerItemProxy */ = {
			isa = PBXContainerItemProxy;
			containerPortal = CD8D904D1DBB84B600A4302D /* Project object */;
			proxyType = 1;
			remoteGlobalIDString = CD8D90541DBB84B600A4302D;
			remoteInfo = chatExample;
		};
/* End PBXContainerItemProxy section */

/* Begin PBXFileReference section */
		CD8D90551DBB84B600A4302D /* chatExample.app */ = {isa = PBXFileReference; explicitFileType = wrapper.application; includeInIndex = 0; path = chatExample.app; sourceTree = BUILT_PRODUCTS_DIR; };
		CD8D90581DBB84B600A4302D /* AppDelegate.swift */ = {isa = PBXFileReference; lastKnownFileType = sourcecode.swift; path = AppDelegate.swift; sourceTree = "<group>"; };
		CD8D905A1DBB84B600A4302D /* ViewController.swift */ = {isa = PBXFileReference; lastKnownFileType = sourcecode.swift; path = ViewController.swift; sourceTree = "<group>"; };
		CD8D905F1DBB84B600A4302D /* Assets.xcassets */ = {isa = PBXFileReference; lastKnownFileType = folder.assetcatalog; path = Assets.xcassets; sourceTree = "<group>"; };
		CD8D90641DBB84B600A4302D /* Info.plist */ = {isa = PBXFileReference; lastKnownFileType = text.plist.xml; path = Info.plist; sourceTree = "<group>"; };
		CD8D90691DBB84B700A4302D /* chatExampleTests.xctest */ = {isa = PBXFileReference; explicitFileType = wrapper.cfbundle; includeInIndex = 0; path = chatExampleTests.xctest; sourceTree = BUILT_PRODUCTS_DIR; };
		CD8D906D1DBB84B700A4302D /* chatExampleTests.swift */ = {isa = PBXFileReference; lastKnownFileType = sourcecode.swift; path = chatExampleTests.swift; sourceTree = "<group>"; };
		CD8D906F1DBB84B700A4302D /* Info.plist */ = {isa = PBXFileReference; lastKnownFileType = text.plist.xml; path = Info.plist; sourceTree = "<group>"; };
		CD8D90741DBB84B700A4302D /* chatExampleUITests.xctest */ = {isa = PBXFileReference; explicitFileType = wrapper.cfbundle; includeInIndex = 0; path = chatExampleUITests.xctest; sourceTree = BUILT_PRODUCTS_DIR; };
		CD8D90781DBB84B700A4302D /* chatExampleUITests.swift */ = {isa = PBXFileReference; lastKnownFileType = sourcecode.swift; path = chatExampleUITests.swift; sourceTree = "<group>"; };
		CD8D907A1DBB84B700A4302D /* Info.plist */ = {isa = PBXFileReference; lastKnownFileType = text.plist.xml; path = Info.plist; sourceTree = "<group>"; };
		CD8D90861DBB853300A4302D /* Router.swift */ = {isa = PBXFileReference; fileEncoding = 4; lastKnownFileType = sourcecode.swift; path = Router.swift; sourceTree = "<group>"; };
		CD8D90881DBB8F3800A4302D /* Launch Screen.storyboard */ = {isa = PBXFileReference; fileEncoding = 4; lastKnownFileType = file.storyboard; path = "Launch Screen.storyboard"; sourceTree = "<group>"; };
/* End PBXFileReference section */

/* Begin PBXFrameworksBuildPhase section */
		CD8D90521DBB84B600A4302D /* Frameworks */ = {
			isa = PBXFrameworksBuildPhase;
			buildActionMask = 2147483647;
			files = (
			);
			runOnlyForDeploymentPostprocessing = 0;
		};
		CD8D90661DBB84B700A4302D /* Frameworks */ = {
			isa = PBXFrameworksBuildPhase;
			buildActionMask = 2147483647;
			files = (
			);
			runOnlyForDeploymentPostprocessing = 0;
		};
		CD8D90711DBB84B700A4302D /* Frameworks */ = {
			isa = PBXFrameworksBuildPhase;
			buildActionMask = 2147483647;
			files = (
			);
			runOnlyForDeploymentPostprocessing = 0;
		};
/* End PBXFrameworksBuildPhase section */

/* Begin PBXGroup section */
		CD8D904C1DBB84B600A4302D = {
			isa = PBXGroup;
			children = (
				CD8D90571DBB84B600A4302D /* chatExample */,
				CD8D906C1DBB84B700A4302D /* chatExampleTests */,
				CD8D90771DBB84B700A4302D /* chatExampleUITests */,
				CD8D90561DBB84B600A4302D /* Products */,
			);
			sourceTree = "<group>";
		};
		CD8D90561DBB84B600A4302D /* Products */ = {
			isa = PBXGroup;
			children = (
				CD8D90551DBB84B600A4302D /* chatExample.app */,
				CD8D90691DBB84B700A4302D /* chatExampleTests.xctest */,
				CD8D90741DBB84B700A4302D /* chatExampleUITests.xctest */,
			);
			name = Products;
			sourceTree = "<group>";
		};
		CD8D90571DBB84B600A4302D /* chatExample */ = {
			isa = PBXGroup;
			children = (
				CD8D90581DBB84B600A4302D /* AppDelegate.swift */,
				CD8D905A1DBB84B600A4302D /* ViewController.swift */,
				CD8D90861DBB853300A4302D /* Router.swift */,
				CD8D905F1DBB84B600A4302D /* Assets.xcassets */,
				CD8D90641DBB84B600A4302D /* Info.plist */,
				CD8D90881DBB8F3800A4302D /* Launch Screen.storyboard */,
			);
			path = chatExample;
			sourceTree = "<group>";
		};
		CD8D906C1DBB84B700A4302D /* chatExampleTests */ = {
			isa = PBXGroup;
			children = (
				CD8D906D1DBB84B700A4302D /* chatExampleTests.swift */,
				CD8D906F1DBB84B700A4302D /* Info.plist */,
			);
			path = chatExampleTests;
			sourceTree = "<group>";
		};
		CD8D90771DBB84B700A4302D /* chatExampleUITests */ = {
			isa = PBXGroup;
			children = (
				CD8D90781DBB84B700A4302D /* chatExampleUITests.swift */,
				CD8D907A1DBB84B700A4302D /* Info.plist */,
			);
			path = chatExampleUITests;
			sourceTree = "<group>";
		};
/* End PBXGroup section */

/* Begin PBXNativeTarget section */
		CD8D90541DBB84B600A4302D /* chatExample */ = {
			isa = PBXNativeTarget;
			buildConfigurationList = CD8D907D1DBB84B700A4302D /* Build configuration list for PBXNativeTarget "chatExample" */;
			buildPhases = (
				CD8D90511DBB84B600A4302D /* Sources */,
				CD8D90521DBB84B600A4302D /* Frameworks */,
				CD8D90531DBB84B600A4302D /* Resources */,
			);
			buildRules = (
			);
			dependencies = (
			);
			name = chatExample;
			productName = chatExample;
			productReference = CD8D90551DBB84B600A4302D /* chatExample.app */;
			productType = "com.apple.product-type.application";
		};
		CD8D90681DBB84B700A4302D /* chatExampleTests */ = {
			isa = PBXNativeTarget;
			buildConfigurationList = CD8D90801DBB84B700A4302D /* Build configuration list for PBXNativeTarget "chatExampleTests" */;
			buildPhases = (
				CD8D90651DBB84B700A4302D /* Sources */,
				CD8D90661DBB84B700A4302D /* Frameworks */,
				CD8D90671DBB84B700A4302D /* Resources */,
			);
			buildRules = (
			);
			dependencies = (
				CD8D906B1DBB84B700A4302D /* PBXTargetDependency */,
			);
			name = chatExampleTests;
			productName = chatExampleTests;
			productReference = CD8D90691DBB84B700A4302D /* chatExampleTests.xctest */;
			productType = "com.apple.product-type.bundle.unit-test";
		};
		CD8D90731DBB84B700A4302D /* chatExampleUITests */ = {
			isa = PBXNativeTarget;
			buildConfigurationList = CD8D90831DBB84B700A4302D /* Build configuration list for PBXNativeTarget "chatExampleUITests" */;
			buildPhases = (
				CD8D90701DBB84B700A4302D /* Sources */,
				CD8D90711DBB84B700A4302D /* Frameworks */,
				CD8D90721DBB84B700A4302D /* Resources */,
			);
			buildRules = (
			);
			dependencies = (
				CD8D90761DBB84B700A4302D /* PBXTargetDependency */,
			);
			name = chatExampleUITests;
			productName = chatExampleUITests;
			productReference = CD8D90741DBB84B700A4302D /* chatExampleUITests.xctest */;
			productType = "com.apple.product-type.bundle.ui-testing";
		};
/* End PBXNativeTarget section */

/* Begin PBXProject section */
		CD8D904D1DBB84B600A4302D /* Project object */ = {
			isa = PBXProject;
			attributes = {
				LastSwiftUpdateCheck = 0800;
				LastUpgradeCheck = 0800;
				ORGANIZATIONNAME = "Raimon Lapuente";
				TargetAttributes = {
					CD8D90541DBB84B600A4302D = {
						CreatedOnToolsVersion = 8.0;
						DevelopmentTeam = 9SDMDTJ5TT;
						ProvisioningStyle = Automatic;
					};
					CD8D90681DBB84B700A4302D = {
						CreatedOnToolsVersion = 8.0;
						DevelopmentTeam = 9SDMDTJ5TT;
						ProvisioningStyle = Automatic;
						TestTargetID = CD8D90541DBB84B600A4302D;
					};
					CD8D90731DBB84B700A4302D = {
						CreatedOnToolsVersion = 8.0;
						DevelopmentTeam = 9SDMDTJ5TT;
						ProvisioningStyle = Automatic;
						TestTargetID = CD8D90541DBB84B600A4302D;
					};
				};
			};
			buildConfigurationList = CD8D90501DBB84B600A4302D /* Build configuration list for PBXProject "chatExample" */;
			compatibilityVersion = "Xcode 3.2";
			developmentRegion = English;
			hasScannedForEncodings = 0;
			knownRegions = (
				en,
				Base,
			);
			mainGroup = CD8D904C1DBB84B600A4302D;
			productRefGroup = CD8D90561DBB84B600A4302D /* Products */;
			projectDirPath = "";
			projectRoot = "";
			targets = (
				CD8D90541DBB84B600A4302D /* chatExample */,
				CD8D90681DBB84B700A4302D /* chatExampleTests */,
				CD8D90731DBB84B700A4302D /* chatExampleUITests */,
			);
		};
/* End PBXProject section */

/* Begin PBXResourcesBuildPhase section */
		CD8D90531DBB84B600A4302D /* Resources */ = {
			isa = PBXResourcesBuildPhase;
			buildActionMask = 2147483647;
			files = (
				CD8D90891DBB8F3800A4302D /* Launch Screen.storyboard in Resources */,
				CD8D90601DBB84B600A4302D /* Assets.xcassets in Resources */,
			);
			runOnlyForDeploymentPostprocessing = 0;
		};
		CD8D90671DBB84B700A4302D /* Resources */ = {
			isa = PBXResourcesBuildPhase;
			buildActionMask = 2147483647;
			files = (
			);
			runOnlyForDeploymentPostprocessing = 0;
		};
		CD8D90721DBB84B700A4302D /* Resources */ = {
			isa = PBXResourcesBuildPhase;
			buildActionMask = 2147483647;
			files = (
			);
			runOnlyForDeploymentPostprocessing = 0;
		};
/* End PBXResourcesBuildPhase section */

/* Begin PBXSourcesBuildPhase section */
		CD8D90511DBB84B600A4302D /* Sources */ = {
			isa = PBXSourcesBuildPhase;
			buildActionMask = 2147483647;
			files = (
				CD8D905B1DBB84B600A4302D /* ViewController.swift in Sources */,
				CD8D90871DBB853300A4302D /* Router.swift in Sources */,
				CD8D90591DBB84B600A4302D /* AppDelegate.swift in Sources */,
			);
			runOnlyForDeploymentPostprocessing = 0;
		};
		CD8D90651DBB84B700A4302D /* Sources */ = {
			isa = PBXSourcesBuildPhase;
			buildActionMask = 2147483647;
			files = (
				CD8D906E1DBB84B700A4302D /* chatExampleTests.swift in Sources */,
			);
			runOnlyForDeploymentPostprocessing = 0;
		};
		CD8D90701DBB84B700A4302D /* Sources */ = {
			isa = PBXSourcesBuildPhase;
			buildActionMask = 2147483647;
			files = (
				CD8D90791DBB84B700A4302D /* chatExampleUITests.swift in Sources */,
			);
			runOnlyForDeploymentPostprocessing = 0;
		};
/* End PBXSourcesBuildPhase section */

/* Begin PBXTargetDependency section */
		CD8D906B1DBB84B700A4302D /* PBXTargetDependency */ = {
			isa = PBXTargetDependency;
			target = CD8D90541DBB84B600A4302D /* chatExample */;
			targetProxy = CD8D906A1DBB84B700A4302D /* PBXContainerItemProxy */;
		};
		CD8D90761DBB84B700A4302D /* PBXTargetDependency */ = {
			isa = PBXTargetDependency;
			target = CD8D90541DBB84B600A4302D /* chatExample */;
			targetProxy = CD8D90751DBB84B700A4302D /* PBXContainerItemProxy */;
		};
/* End PBXTargetDependency section */

/* Begin XCBuildConfiguration section */
		CD8D907B1DBB84B700A4302D /* Debug */ = {
			isa = XCBuildConfiguration;
			buildSettings = {
				ALWAYS_SEARCH_USER_PATHS = NO;
				CLANG_ANALYZER_NONNULL = YES;
				CLANG_CXX_LANGUAGE_STANDARD = "gnu++0x";
				CLANG_CXX_LIBRARY = "libc++";
				CLANG_ENABLE_MODULES = YES;
				CLANG_ENABLE_OBJC_ARC = YES;
				CLANG_WARN_BOOL_CONVERSION = YES;
				CLANG_WARN_CONSTANT_CONVERSION = YES;
				CLANG_WARN_DIRECT_OBJC_ISA_USAGE = YES_ERROR;
				CLANG_WARN_DOCUMENTATION_COMMENTS = YES;
				CLANG_WARN_EMPTY_BODY = YES;
				CLANG_WARN_ENUM_CONVERSION = YES;
				CLANG_WARN_INFINITE_RECURSION = YES;
				CLANG_WARN_INT_CONVERSION = YES;
				CLANG_WARN_OBJC_ROOT_CLASS = YES_ERROR;
				CLANG_WARN_SUSPICIOUS_MOVES = YES;
				CLANG_WARN_UNREACHABLE_CODE = YES;
				CLANG_WARN__DUPLICATE_METHOD_MATCH = YES;
				"CODE_SIGN_IDENTITY[sdk=iphoneos*]" = "iPhone Developer";
				COPY_PHASE_STRIP = NO;
				DEBUG_INFORMATION_FORMAT = dwarf;
				ENABLE_STRICT_OBJC_MSGSEND = YES;
				ENABLE_TESTABILITY = YES;
				GCC_C_LANGUAGE_STANDARD = gnu99;
				GCC_DYNAMIC_NO_PIC = NO;
				GCC_NO_COMMON_BLOCKS = YES;
				GCC_OPTIMIZATION_LEVEL = 0;
				GCC_PREPROCESSOR_DEFINITIONS = (
					"DEBUG=1",
					"$(inherited)",
				);
				GCC_WARN_64_TO_32_BIT_CONVERSION = YES;
				GCC_WARN_ABOUT_RETURN_TYPE = YES_ERROR;
				GCC_WARN_UNDECLARED_SELECTOR = YES;
				GCC_WARN_UNINITIALIZED_AUTOS = YES_AGGRESSIVE;
				GCC_WARN_UNUSED_FUNCTION = YES;
				GCC_WARN_UNUSED_VARIABLE = YES;
				IPHONEOS_DEPLOYMENT_TARGET = 10.0;
				MTL_ENABLE_DEBUG_INFO = YES;
				ONLY_ACTIVE_ARCH = YES;
				SDKROOT = iphoneos;
				SWIFT_ACTIVE_COMPILATION_CONDITIONS = DEBUG;
				SWIFT_OPTIMIZATION_LEVEL = "-Onone";
				TARGETED_DEVICE_FAMILY = "1,2";
			};
			name = Debug;
		};
		CD8D907C1DBB84B700A4302D /* Release */ = {
			isa = XCBuildConfiguration;
			buildSettings = {
				ALWAYS_SEARCH_USER_PATHS = NO;
				CLANG_ANALYZER_NONNULL = YES;
				CLANG_CXX_LANGUAGE_STANDARD = "gnu++0x";
				CLANG_CXX_LIBRARY = "libc++";
				CLANG_ENABLE_MODULES = YES;
				CLANG_ENABLE_OBJC_ARC = YES;
				CLANG_WARN_BOOL_CONVERSION = YES;
				CLANG_WARN_CONSTANT_CONVERSION = YES;
				CLANG_WARN_DIRECT_OBJC_ISA_USAGE = YES_ERROR;
				CLANG_WARN_DOCUMENTATION_COMMENTS = YES;
				CLANG_WARN_EMPTY_BODY = YES;
				CLANG_WARN_ENUM_CONVERSION = YES;
				CLANG_WARN_INFINITE_RECURSION = YES;
				CLANG_WARN_INT_CONVERSION = YES;
				CLANG_WARN_OBJC_ROOT_CLASS = YES_ERROR;
				CLANG_WARN_SUSPICIOUS_MOVES = YES;
				CLANG_WARN_UNREACHABLE_CODE = YES;
				CLANG_WARN__DUPLICATE_METHOD_MATCH = YES;
				"CODE_SIGN_IDENTITY[sdk=iphoneos*]" = "iPhone Developer";
				COPY_PHASE_STRIP = NO;
				DEBUG_INFORMATION_FORMAT = "dwarf-with-dsym";
				ENABLE_NS_ASSERTIONS = NO;
				ENABLE_STRICT_OBJC_MSGSEND = YES;
				GCC_C_LANGUAGE_STANDARD = gnu99;
				GCC_NO_COMMON_BLOCKS = YES;
				GCC_WARN_64_TO_32_BIT_CONVERSION = YES;
				GCC_WARN_ABOUT_RETURN_TYPE = YES_ERROR;
				GCC_WARN_UNDECLARED_SELECTOR = YES;
				GCC_WARN_UNINITIALIZED_AUTOS = YES_AGGRESSIVE;
				GCC_WARN_UNUSED_FUNCTION = YES;
				GCC_WARN_UNUSED_VARIABLE = YES;
				IPHONEOS_DEPLOYMENT_TARGET = 10.0;
				MTL_ENABLE_DEBUG_INFO = NO;
				SDKROOT = iphoneos;
				SWIFT_OPTIMIZATION_LEVEL = "-Owholemodule";
				TARGETED_DEVICE_FAMILY = "1,2";
				VALIDATE_PRODUCT = YES;
			};
			name = Release;
		};
		CD8D907E1DBB84B700A4302D /* Debug */ = {
			isa = XCBuildConfiguration;
			buildSettings = {
				ASSETCATALOG_COMPILER_APPICON_NAME = AppIcon;
				DEVELOPMENT_TEAM = 9SDMDTJ5TT;
				INFOPLIST_FILE = chatExample/Info.plist;
				LD_RUNPATH_SEARCH_PATHS = "$(inherited) @executable_path/Frameworks";
				PRODUCT_BUNDLE_IDENTIFIER = com.raimonlapuente.chat.chatExample;
				PRODUCT_NAME = "$(TARGET_NAME)";
				SWIFT_VERSION = 3.0;
			};
			name = Debug;
		};
		CD8D907F1DBB84B700A4302D /* Release */ = {
			isa = XCBuildConfiguration;
			buildSettings = {
				ASSETCATALOG_COMPILER_APPICON_NAME = AppIcon;
				DEVELOPMENT_TEAM = 9SDMDTJ5TT;
				INFOPLIST_FILE = chatExample/Info.plist;
				LD_RUNPATH_SEARCH_PATHS = "$(inherited) @executable_path/Frameworks";
				PRODUCT_BUNDLE_IDENTIFIER = com.raimonlapuente.chat.chatExample;
				PRODUCT_NAME = "$(TARGET_NAME)";
				SWIFT_VERSION = 3.0;
			};
			name = Release;
		};
		CD8D90811DBB84B700A4302D /* Debug */ = {
			isa = XCBuildConfiguration;
			buildSettings = {
				ALWAYS_EMBED_SWIFT_STANDARD_LIBRARIES = YES;
				BUNDLE_LOADER = "$(TEST_HOST)";
				DEVELOPMENT_TEAM = 9SDMDTJ5TT;
				INFOPLIST_FILE = chatExampleTests/Info.plist;
				LD_RUNPATH_SEARCH_PATHS = "$(inherited) @executable_path/Frameworks @loader_path/Frameworks";
				PRODUCT_BUNDLE_IDENTIFIER = com.raimonlapuente.chat.chatExampleTests;
				PRODUCT_NAME = "$(TARGET_NAME)";
				SWIFT_VERSION = 3.0;
				TEST_HOST = "$(BUILT_PRODUCTS_DIR)/chatExample.app/chatExample";
			};
			name = Debug;
		};
		CD8D90821DBB84B700A4302D /* Release */ = {
			isa = XCBuildConfiguration;
			buildSettings = {
				ALWAYS_EMBED_SWIFT_STANDARD_LIBRARIES = YES;
				BUNDLE_LOADER = "$(TEST_HOST)";
				DEVELOPMENT_TEAM = 9SDMDTJ5TT;
				INFOPLIST_FILE = chatExampleTests/Info.plist;
				LD_RUNPATH_SEARCH_PATHS = "$(inherited) @executable_path/Frameworks @loader_path/Frameworks";
				PRODUCT_BUNDLE_IDENTIFIER = com.raimonlapuente.chat.chatExampleTests;
				PRODUCT_NAME = "$(TARGET_NAME)";
				SWIFT_VERSION = 3.0;
				TEST_HOST = "$(BUILT_PRODUCTS_DIR)/chatExample.app/chatExample";
			};
			name = Release;
		};
		CD8D90841DBB84B700A4302D /* Debug */ = {
			isa = XCBuildConfiguration;
			buildSettings = {
				ALWAYS_EMBED_SWIFT_STANDARD_LIBRARIES = YES;
				DEVELOPMENT_TEAM = 9SDMDTJ5TT;
				INFOPLIST_FILE = chatExampleUITests/Info.plist;
				LD_RUNPATH_SEARCH_PATHS = "$(inherited) @executable_path/Frameworks @loader_path/Frameworks";
				PRODUCT_BUNDLE_IDENTIFIER = com.raimonlapuente.chat.chatExampleUITests;
				PRODUCT_NAME = "$(TARGET_NAME)";
				SWIFT_VERSION = 3.0;
				TEST_TARGET_NAME = chatExample;
			};
			name = Debug;
		};
		CD8D90851DBB84B700A4302D /* Release */ = {
			isa = XCBuildConfiguration;
			buildSettings = {
				ALWAYS_EMBED_SWIFT_STANDARD_LIBRARIES = YES;
				DEVELOPMENT_TEAM = 9SDMDTJ5TT;
				INFOPLIST_FILE = chatExampleUITests/Info.plist;
				LD_RUNPATH_SEARCH_PATHS = "$(inherited) @executable_path/Frameworks @loader_path/Frameworks";
				PRODUCT_BUNDLE_IDENTIFIER = com.raimonlapuente.chat.chatExampleUITests;
				PRODUCT_NAME = "$(TARGET_NAME)";
				SWIFT_VERSION = 3.0;
				TEST_TARGET_NAME = chatExample;
			};
			name = Release;
		};
/* End XCBuildConfiguration section */

/* Begin XCConfigurationList section */
		CD8D90501DBB84B600A4302D /* Build configuration list for PBXProject "chatExample" */ = {
			isa = XCConfigurationList;
			buildConfigurations = (
				CD8D907B1DBB84B700A4302D /* Debug */,
				CD8D907C1DBB84B700A4302D /* Release */,
			);
			defaultConfigurationIsVisible = 0;
			defaultConfigurationName = Debug;
		};
		CD8D907D1DBB84B700A4302D /* Build configuration list for PBXNativeTarget "chatExample" */ = {
			isa = XCConfigurationList;
			buildConfigurations = (
				CD8D907E1DBB84B700A4302D /* Debug */,
				CD8D907F1DBB84B700A4302D /* Release */,
			);
			defaultConfigurationIsVisible = 0;
			defaultConfigurationName = Debug;
		};
		CD8D90801DBB84B700A4302D /* Build configuration list for PBXNativeTarget "chatExampleTests" */ = {
			isa = XCConfigurationList;
			buildConfigurations = (
				CD8D90811DBB84B700A4302D /* Debug */,
				CD8D90821DBB84B700A4302D /* Release */,
			);
			defaultConfigurationIsVisible = 0;
			defaultConfigurationName = Debug;
		};
		CD8D90831DBB84B700A4302D /* Build configuration list for PBXNativeTarget "chatExampleUITests" */ = {
			isa = XCConfigurationList;
			buildConfigurations = (
				CD8D90841DBB84B700A4302D /* Debug */,
				CD8D90851DBB84B700A4302D /* Release */,
			);
			defaultConfigurationIsVisible = 0;
			defaultConfigurationName = Debug;
		};
/* End XCConfigurationList section */
	};
	rootObject = CD8D904D1DBB84B600A4302D /* Project object */;
}
