// !$*UTF8*$!
{
	archiveVersion = 1;
	classes = {
	};
	objectVersion = 46;
	objects = {

/* Begin PBXBuildFile section */
		CD4D6AC11DBD1DA000643DBF /* LaunchScreen.storyboard in Resources */ = {isa = PBXBuildFile; fileRef = CD4D6ABF1DBD1DA000643DBF /* LaunchScreen.storyboard */; };
		CD4D6AD71DBD1DA000643DBF /* simpleChatUITests.swift in Sources */ = {isa = PBXBuildFile; fileRef = CD4D6AD61DBD1DA000643DBF /* simpleChatUITests.swift */; };
		CD4D6AEA1DBD1E0500643DBF /* AppDelegate.swift in Sources */ = {isa = PBXBuildFile; fileRef = CD4D6AE41DBD1E0500643DBF /* AppDelegate.swift */; };
		CD4D6AEB1DBD1E0500643DBF /* keyboardExtension.swift in Sources */ = {isa = PBXBuildFile; fileRef = CD4D6AE51DBD1E0500643DBF /* keyboardExtension.swift */; };
		CD4D6AEC1DBD1E0500643DBF /* Router.swift in Sources */ = {isa = PBXBuildFile; fileRef = CD4D6AE61DBD1E0500643DBF /* Router.swift */; };
		CD4D6AED1DBD1E0500643DBF /* userRepository.swift in Sources */ = {isa = PBXBuildFile; fileRef = CD4D6AE71DBD1E0500643DBF /* userRepository.swift */; };
		CD4D6AEE1DBD1E0500643DBF /* ViewController.swift in Sources */ = {isa = PBXBuildFile; fileRef = CD4D6AE81DBD1E0500643DBF /* ViewController.swift */; };
		CD4D6AEF1DBD1E0500643DBF /* ViewController.xib in Resources */ = {isa = PBXBuildFile; fileRef = CD4D6AE91DBD1E0500643DBF /* ViewController.xib */; };
		CD4D6AF11DBD228D00643DBF /* userRepositoryIntegrationTests.swift in Sources */ = {isa = PBXBuildFile; fileRef = CD4D6AF01DBD228D00643DBF /* userRepositoryIntegrationTests.swift */; };
		CD88EF961DC729E90023FD5F /* MeChatTableViewCell.swift in Sources */ = {isa = PBXBuildFile; fileRef = CD88EF951DC729E90023FD5F /* MeChatTableViewCell.swift */; };
		CD88EF981DC729F70023FD5F /* MeChatTableViewCell.xib in Resources */ = {isa = PBXBuildFile; fileRef = CD88EF971DC729F70023FD5F /* MeChatTableViewCell.xib */; };
		CD88EF9A1DC9CE750023FD5F /* ChatViewModel.swift in Sources */ = {isa = PBXBuildFile; fileRef = CD88EF991DC9CE750023FD5F /* ChatViewModel.swift */; };
		CD88EF9C1DCA3BE20023FD5F /* ChatTests.swift in Sources */ = {isa = PBXBuildFile; fileRef = CD88EF9B1DCA3BE20023FD5F /* ChatTests.swift */; };
		CD88EF9E1DCA412B0023FD5F /* UserCheck.swift in Sources */ = {isa = PBXBuildFile; fileRef = CD88EF9D1DCA412B0023FD5F /* UserCheck.swift */; };
		CD88EFA01DCA47C00023FD5F /* Assets.xcassets in Resources */ = {isa = PBXBuildFile; fileRef = CD88EF9F1DCA47C00023FD5F /* Assets.xcassets */; };
		CD88EFA21DCA48EC0023FD5F /* UsernameValidatorTests.swift in Sources */ = {isa = PBXBuildFile; fileRef = CD88EFA11DCA48EC0023FD5F /* UsernameValidatorTests.swift */; };
		CD955F291DC15E600032EE3D /* ChatTableViewCell.swift in Sources */ = {isa = PBXBuildFile; fileRef = CD955F281DC15E600032EE3D /* ChatTableViewCell.swift */; };
		CD955F2B1DC15E740032EE3D /* ChatTableViewCell.xib in Resources */ = {isa = PBXBuildFile; fileRef = CD955F2A1DC15E740032EE3D /* ChatTableViewCell.xib */; };
		CD955F2D1DC16FFF0032EE3D /* imageLoader.swift in Sources */ = {isa = PBXBuildFile; fileRef = CD955F2C1DC16FFF0032EE3D /* imageLoader.swift */; };
		CDAD44B91DBD24D30052BCC9 /* routingExtension.swift in Sources */ = {isa = PBXBuildFile; fileRef = CDAD44B81DBD24D30052BCC9 /* routingExtension.swift */; };
		CDAD44BB1DBD35FA0052BCC9 /* ChatController.swift in Sources */ = {isa = PBXBuildFile; fileRef = CDAD44BA1DBD35FA0052BCC9 /* ChatController.swift */; };
		CDAD44BD1DBD37FC0052BCC9 /* ChatController.xib in Resources */ = {isa = PBXBuildFile; fileRef = CDAD44BC1DBD37FC0052BCC9 /* ChatController.xib */; };
		CDAD44C31DBFFEF70052BCC9 /* DataRepository.swift in Sources */ = {isa = PBXBuildFile; fileRef = CDAD44C21DBFFEF70052BCC9 /* DataRepository.swift */; };
		CDAD44C81DC11B780052BCC9 /* Chat.swift in Sources */ = {isa = PBXBuildFile; fileRef = CDAD44C71DC11B780052BCC9 /* Chat.swift */; };
		CDCEC30B1DC1D7BE002B7549 /* DateHelper.swift in Sources */ = {isa = PBXBuildFile; fileRef = CDCEC30A1DC1D7BE002B7549 /* DateHelper.swift */; };
		CDCEC30D1DC2B0E9002B7549 /* DateHelpersTests.swift in Sources */ = {isa = PBXBuildFile; fileRef = CDCEC30C1DC2B0E9002B7549 /* DateHelpersTests.swift */; };
/* End PBXBuildFile section */

/* Begin PBXContainerItemProxy section */
		CD4D6AC81DBD1DA000643DBF /* PBXContainerItemProxy */ = {
			isa = PBXContainerItemProxy;
			containerPortal = CD4D6AAB1DBD1DA000643DBF /* Project object */;
			proxyType = 1;
			remoteGlobalIDString = CD4D6AB21DBD1DA000643DBF;
			remoteInfo = simpleChat;
		};
		CD4D6AD31DBD1DA000643DBF /* PBXContainerItemProxy */ = {
			isa = PBXContainerItemProxy;
			containerPortal = CD4D6AAB1DBD1DA000643DBF /* Project object */;
			proxyType = 1;
			remoteGlobalIDString = CD4D6AB21DBD1DA000643DBF;
			remoteInfo = simpleChat;
		};
/* End PBXContainerItemProxy section */

/* Begin PBXFileReference section */
		CD4D6AB31DBD1DA000643DBF /* simpleChat.app */ = {isa = PBXFileReference; explicitFileType = wrapper.application; includeInIndex = 0; path = simpleChat.app; sourceTree = BUILT_PRODUCTS_DIR; };
		CD4D6AC01DBD1DA000643DBF /* Base */ = {isa = PBXFileReference; lastKnownFileType = file.storyboard; name = Base; path = Base.lproj/LaunchScreen.storyboard; sourceTree = "<group>"; };
		CD4D6AC21DBD1DA000643DBF /* Info.plist */ = {isa = PBXFileReference; lastKnownFileType = text.plist.xml; path = Info.plist; sourceTree = "<group>"; };
		CD4D6AC71DBD1DA000643DBF /* simpleChatTests.xctest */ = {isa = PBXFileReference; explicitFileType = wrapper.cfbundle; includeInIndex = 0; path = simpleChatTests.xctest; sourceTree = BUILT_PRODUCTS_DIR; };
		CD4D6ACD1DBD1DA000643DBF /* Info.plist */ = {isa = PBXFileReference; lastKnownFileType = text.plist.xml; path = Info.plist; sourceTree = "<group>"; };
		CD4D6AD21DBD1DA000643DBF /* simpleChatUITests.xctest */ = {isa = PBXFileReference; explicitFileType = wrapper.cfbundle; includeInIndex = 0; path = simpleChatUITests.xctest; sourceTree = BUILT_PRODUCTS_DIR; };
		CD4D6AD61DBD1DA000643DBF /* simpleChatUITests.swift */ = {isa = PBXFileReference; lastKnownFileType = sourcecode.swift; path = simpleChatUITests.swift; sourceTree = "<group>"; };
		CD4D6AD81DBD1DA100643DBF /* Info.plist */ = {isa = PBXFileReference; lastKnownFileType = text.plist.xml; path = Info.plist; sourceTree = "<group>"; };
		CD4D6AE41DBD1E0500643DBF /* AppDelegate.swift */ = {isa = PBXFileReference; fileEncoding = 4; lastKnownFileType = sourcecode.swift; path = AppDelegate.swift; sourceTree = "<group>"; };
		CD4D6AE51DBD1E0500643DBF /* keyboardExtension.swift */ = {isa = PBXFileReference; fileEncoding = 4; lastKnownFileType = sourcecode.swift; path = keyboardExtension.swift; sourceTree = "<group>"; };
		CD4D6AE61DBD1E0500643DBF /* Router.swift */ = {isa = PBXFileReference; fileEncoding = 4; lastKnownFileType = sourcecode.swift; path = Router.swift; sourceTree = "<group>"; };
		CD4D6AE71DBD1E0500643DBF /* userRepository.swift */ = {isa = PBXFileReference; fileEncoding = 4; lastKnownFileType = sourcecode.swift; path = userRepository.swift; sourceTree = "<group>"; };
		CD4D6AE81DBD1E0500643DBF /* ViewController.swift */ = {isa = PBXFileReference; fileEncoding = 4; lastKnownFileType = sourcecode.swift; path = ViewController.swift; sourceTree = "<group>"; };
		CD4D6AE91DBD1E0500643DBF /* ViewController.xib */ = {isa = PBXFileReference; fileEncoding = 4; lastKnownFileType = file.xib; path = ViewController.xib; sourceTree = "<group>"; };
		CD4D6AF01DBD228D00643DBF /* userRepositoryIntegrationTests.swift */ = {isa = PBXFileReference; fileEncoding = 4; lastKnownFileType = sourcecode.swift; path = userRepositoryIntegrationTests.swift; sourceTree = "<group>"; };
		CD88EF951DC729E90023FD5F /* MeChatTableViewCell.swift */ = {isa = PBXFileReference; fileEncoding = 4; lastKnownFileType = sourcecode.swift; path = MeChatTableViewCell.swift; sourceTree = "<group>"; };
		CD88EF971DC729F70023FD5F /* MeChatTableViewCell.xib */ = {isa = PBXFileReference; fileEncoding = 4; lastKnownFileType = file.xib; path = MeChatTableViewCell.xib; sourceTree = "<group>"; };
		CD88EF991DC9CE750023FD5F /* ChatViewModel.swift */ = {isa = PBXFileReference; fileEncoding = 4; lastKnownFileType = sourcecode.swift; path = ChatViewModel.swift; sourceTree = "<group>"; };
		CD88EF9B1DCA3BE20023FD5F /* ChatTests.swift */ = {isa = PBXFileReference; fileEncoding = 4; lastKnownFileType = sourcecode.swift; path = ChatTests.swift; sourceTree = "<group>"; };
		CD88EF9D1DCA412B0023FD5F /* UserCheck.swift */ = {isa = PBXFileReference; fileEncoding = 4; lastKnownFileType = sourcecode.swift; path = UserCheck.swift; sourceTree = "<group>"; };
		CD88EF9F1DCA47C00023FD5F /* Assets.xcassets */ = {isa = PBXFileReference; lastKnownFileType = folder.assetcatalog; path = Assets.xcassets; sourceTree = SOURCE_ROOT; };
		CD88EFA11DCA48EC0023FD5F /* UsernameValidatorTests.swift */ = {isa = PBXFileReference; fileEncoding = 4; lastKnownFileType = sourcecode.swift; path = UsernameValidatorTests.swift; sourceTree = "<group>"; };
		CD955F281DC15E600032EE3D /* ChatTableViewCell.swift */ = {isa = PBXFileReference; fileEncoding = 4; lastKnownFileType = sourcecode.swift; path = ChatTableViewCell.swift; sourceTree = "<group>"; };
		CD955F2A1DC15E740032EE3D /* ChatTableViewCell.xib */ = {isa = PBXFileReference; fileEncoding = 4; lastKnownFileType = file.xib; path = ChatTableViewCell.xib; sourceTree = "<group>"; };
		CD955F2C1DC16FFF0032EE3D /* imageLoader.swift */ = {isa = PBXFileReference; fileEncoding = 4; lastKnownFileType = sourcecode.swift; path = imageLoader.swift; sourceTree = "<group>"; };
		CDAD44B81DBD24D30052BCC9 /* routingExtension.swift */ = {isa = PBXFileReference; fileEncoding = 4; lastKnownFileType = sourcecode.swift; path = routingExtension.swift; sourceTree = "<group>"; };
		CDAD44BA1DBD35FA0052BCC9 /* ChatController.swift */ = {isa = PBXFileReference; fileEncoding = 4; lastKnownFileType = sourcecode.swift; path = ChatController.swift; sourceTree = "<group>"; };
		CDAD44BC1DBD37FC0052BCC9 /* ChatController.xib */ = {isa = PBXFileReference; fileEncoding = 4; lastKnownFileType = file.xib; path = ChatController.xib; sourceTree = "<group>"; };
		CDAD44C21DBFFEF70052BCC9 /* DataRepository.swift */ = {isa = PBXFileReference; fileEncoding = 4; lastKnownFileType = sourcecode.swift; path = DataRepository.swift; sourceTree = "<group>"; };
		CDAD44C71DC11B780052BCC9 /* Chat.swift */ = {isa = PBXFileReference; fileEncoding = 4; lastKnownFileType = sourcecode.swift; path = Chat.swift; sourceTree = "<group>"; };
		CDCEC30A1DC1D7BE002B7549 /* DateHelper.swift */ = {isa = PBXFileReference; fileEncoding = 4; lastKnownFileType = sourcecode.swift; path = DateHelper.swift; sourceTree = "<group>"; };
		CDCEC30C1DC2B0E9002B7549 /* DateHelpersTests.swift */ = {isa = PBXFileReference; fileEncoding = 4; lastKnownFileType = sourcecode.swift; path = DateHelpersTests.swift; sourceTree = "<group>"; };
/* End PBXFileReference section */

/* Begin PBXFrameworksBuildPhase section */
		CD4D6AB01DBD1DA000643DBF /* Frameworks */ = {
			isa = PBXFrameworksBuildPhase;
			buildActionMask = 2147483647;
			files = (
			);
			runOnlyForDeploymentPostprocessing = 0;
		};
		CD4D6AC41DBD1DA000643DBF /* Frameworks */ = {
			isa = PBXFrameworksBuildPhase;
			buildActionMask = 2147483647;
			files = (
			);
			runOnlyForDeploymentPostprocessing = 0;
		};
		CD4D6ACF1DBD1DA000643DBF /* Frameworks */ = {
			isa = PBXFrameworksBuildPhase;
			buildActionMask = 2147483647;
			files = (
			);
			runOnlyForDeploymentPostprocessing = 0;
		};
/* End PBXFrameworksBuildPhase section */

/* Begin PBXGroup section */
		CD4D6AAA1DBD1DA000643DBF = {
			isa = PBXGroup;
			children = (
				CD4D6AB51DBD1DA000643DBF /* simpleChat */,
				CD4D6ACA1DBD1DA000643DBF /* simpleChatTests */,
				CD4D6AD51DBD1DA000643DBF /* simpleChatUITests */,
				CD4D6AB41DBD1DA000643DBF /* Products */,
			);
			sourceTree = "<group>";
		};
		CD4D6AB41DBD1DA000643DBF /* Products */ = {
			isa = PBXGroup;
			children = (
				CD4D6AB31DBD1DA000643DBF /* simpleChat.app */,
				CD4D6AC71DBD1DA000643DBF /* simpleChatTests.xctest */,
				CD4D6AD21DBD1DA000643DBF /* simpleChatUITests.xctest */,
			);
			name = Products;
			sourceTree = "<group>";
		};
		CD4D6AB51DBD1DA000643DBF /* simpleChat */ = {
			isa = PBXGroup;
			children = (
				CD88EF9F1DCA47C00023FD5F /* Assets.xcassets */,
				CD88EF941DC729CB0023FD5F /* Views */,
				CD4D6ABF1DBD1DA000643DBF /* LaunchScreen.storyboard */,
				CD4D6AC21DBD1DA000643DBF /* Info.plist */,
				CD4D6AE41DBD1E0500643DBF /* AppDelegate.swift */,
				CD4D6AE51DBD1E0500643DBF /* keyboardExtension.swift */,
				CD4D6AE61DBD1E0500643DBF /* Router.swift */,
				CDAD44B81DBD24D30052BCC9 /* routingExtension.swift */,
				CDAD44C61DC11B610052BCC9 /* Repository */,
				CDAD44C51DC11B4B0052BCC9 /* Controllers */,
				CDAD44C41DC11B3F0052BCC9 /* Models */,
			);
			path = simpleChat;
			sourceTree = "<group>";
		};
		CD4D6ACA1DBD1DA000643DBF /* simpleChatTests */ = {
			isa = PBXGroup;
			children = (
				CD4D6AF01DBD228D00643DBF /* userRepositoryIntegrationTests.swift */,
				CDCEC30C1DC2B0E9002B7549 /* DateHelpersTests.swift */,
				CD88EF9B1DCA3BE20023FD5F /* ChatTests.swift */,
				CD88EFA11DCA48EC0023FD5F /* UsernameValidatorTests.swift */,
				CD4D6ACD1DBD1DA000643DBF /* Info.plist */,
			);
			path = simpleChatTests;
			sourceTree = "<group>";
		};
		CD4D6AD51DBD1DA000643DBF /* simpleChatUITests */ = {
			isa = PBXGroup;
			children = (
				CD4D6AD61DBD1DA000643DBF /* simpleChatUITests.swift */,
				CD4D6AD81DBD1DA100643DBF /* Info.plist */,
			);
			path = simpleChatUITests;
			sourceTree = "<group>";
		};
		CD88EF941DC729CB0023FD5F /* Views */ = {
			isa = PBXGroup;
			children = (
				CD955F281DC15E600032EE3D /* ChatTableViewCell.swift */,
				CD955F2A1DC15E740032EE3D /* ChatTableViewCell.xib */,
				CD88EF951DC729E90023FD5F /* MeChatTableViewCell.swift */,
				CD88EF971DC729F70023FD5F /* MeChatTableViewCell.xib */,
				CD88EF991DC9CE750023FD5F /* ChatViewModel.swift */,
			);
			name = Views;
			sourceTree = "<group>";
		};
		CDAD44C41DC11B3F0052BCC9 /* Models */ = {
			isa = PBXGroup;
			children = (
				CDAD44C71DC11B780052BCC9 /* Chat.swift */,
			);
			name = Models;
			sourceTree = "<group>";
		};
		CDAD44C51DC11B4B0052BCC9 /* Controllers */ = {
			isa = PBXGroup;
			children = (
				CD4D6AE81DBD1E0500643DBF /* ViewController.swift */,
				CD4D6AE91DBD1E0500643DBF /* ViewController.xib */,
				CDAD44BA1DBD35FA0052BCC9 /* ChatController.swift */,
				CDAD44BC1DBD37FC0052BCC9 /* ChatController.xib */,
			);
			name = Controllers;
			sourceTree = "<group>";
		};
		CDAD44C61DC11B610052BCC9 /* Repository */ = {
			isa = PBXGroup;
			children = (
				CD4D6AE71DBD1E0500643DBF /* userRepository.swift */,
				CDAD44C21DBFFEF70052BCC9 /* DataRepository.swift */,
				CD955F2C1DC16FFF0032EE3D /* imageLoader.swift */,
				CDCEC30A1DC1D7BE002B7549 /* DateHelper.swift */,
				CD88EF9D1DCA412B0023FD5F /* UserCheck.swift */,
			);
			name = Repository;
			sourceTree = "<group>";
		};
/* End PBXGroup section */

/* Begin PBXNativeTarget section */
		CD4D6AB21DBD1DA000643DBF /* simpleChat */ = {
			isa = PBXNativeTarget;
			buildConfigurationList = CD4D6ADB1DBD1DA100643DBF /* Build configuration list for PBXNativeTarget "simpleChat" */;
			buildPhases = (
				CD4D6AAF1DBD1DA000643DBF /* Sources */,
				CD4D6AB01DBD1DA000643DBF /* Frameworks */,
				CD4D6AB11DBD1DA000643DBF /* Resources */,
			);
			buildRules = (
			);
			dependencies = (
			);
			name = simpleChat;
			productName = simpleChat;
			productReference = CD4D6AB31DBD1DA000643DBF /* simpleChat.app */;
			productType = "com.apple.product-type.application";
		};
		CD4D6AC61DBD1DA000643DBF /* simpleChatTests */ = {
			isa = PBXNativeTarget;
			buildConfigurationList = CD4D6ADE1DBD1DA100643DBF /* Build configuration list for PBXNativeTarget "simpleChatTests" */;
			buildPhases = (
				CD4D6AC31DBD1DA000643DBF /* Sources */,
				CD4D6AC41DBD1DA000643DBF /* Frameworks */,
				CD4D6AC51DBD1DA000643DBF /* Resources */,
			);
			buildRules = (
			);
			dependencies = (
				CD4D6AC91DBD1DA000643DBF /* PBXTargetDependency */,
			);
			name = simpleChatTests;
			productName = simpleChatTests;
			productReference = CD4D6AC71DBD1DA000643DBF /* simpleChatTests.xctest */;
			productType = "com.apple.product-type.bundle.unit-test";
		};
		CD4D6AD11DBD1DA000643DBF /* simpleChatUITests */ = {
			isa = PBXNativeTarget;
			buildConfigurationList = CD4D6AE11DBD1DA100643DBF /* Build configuration list for PBXNativeTarget "simpleChatUITests" */;
			buildPhases = (
				CD4D6ACE1DBD1DA000643DBF /* Sources */,
				CD4D6ACF1DBD1DA000643DBF /* Frameworks */,
				CD4D6AD01DBD1DA000643DBF /* Resources */,
			);
			buildRules = (
			);
			dependencies = (
				CD4D6AD41DBD1DA000643DBF /* PBXTargetDependency */,
			);
			name = simpleChatUITests;
			productName = simpleChatUITests;
			productReference = CD4D6AD21DBD1DA000643DBF /* simpleChatUITests.xctest */;
			productType = "com.apple.product-type.bundle.ui-testing";
		};
/* End PBXNativeTarget section */

/* Begin PBXProject section */
		CD4D6AAB1DBD1DA000643DBF /* Project object */ = {
			isa = PBXProject;
			attributes = {
				LastSwiftUpdateCheck = 0800;
				LastUpgradeCheck = 0800;
				ORGANIZATIONNAME = "Raimon Lapuente";
				TargetAttributes = {
					CD4D6AB21DBD1DA000643DBF = {
						CreatedOnToolsVersion = 8.0;
						DevelopmentTeam = 9SDMDTJ5TT;
						LastSwiftMigration = 0800;
						ProvisioningStyle = Automatic;
					};
					CD4D6AC61DBD1DA000643DBF = {
						CreatedOnToolsVersion = 8.0;
						DevelopmentTeam = 9SDMDTJ5TT;
						ProvisioningStyle = Automatic;
						TestTargetID = CD4D6AB21DBD1DA000643DBF;
					};
					CD4D6AD11DBD1DA000643DBF = {
						CreatedOnToolsVersion = 8.0;
						DevelopmentTeam = 9SDMDTJ5TT;
						ProvisioningStyle = Automatic;
						TestTargetID = CD4D6AB21DBD1DA000643DBF;
					};
				};
			};
			buildConfigurationList = CD4D6AAE1DBD1DA000643DBF /* Build configuration list for PBXProject "simpleChat" */;
			compatibilityVersion = "Xcode 3.2";
			developmentRegion = English;
			hasScannedForEncodings = 0;
			knownRegions = (
				en,
				Base,
			);
			mainGroup = CD4D6AAA1DBD1DA000643DBF;
			productRefGroup = CD4D6AB41DBD1DA000643DBF /* Products */;
			projectDirPath = "";
			projectRoot = "";
			targets = (
				CD4D6AB21DBD1DA000643DBF /* simpleChat */,
				CD4D6AC61DBD1DA000643DBF /* simpleChatTests */,
				CD4D6AD11DBD1DA000643DBF /* simpleChatUITests */,
			);
		};
/* End PBXProject section */

/* Begin PBXResourcesBuildPhase section */
		CD4D6AB11DBD1DA000643DBF /* Resources */ = {
			isa = PBXResourcesBuildPhase;
			buildActionMask = 2147483647;
			files = (
				CD955F2B1DC15E740032EE3D /* ChatTableViewCell.xib in Resources */,
				CD4D6AC11DBD1DA000643DBF /* LaunchScreen.storyboard in Resources */,
				CD4D6AEF1DBD1E0500643DBF /* ViewController.xib in Resources */,
				CDAD44BD1DBD37FC0052BCC9 /* ChatController.xib in Resources */,
				CD88EFA01DCA47C00023FD5F /* Assets.xcassets in Resources */,
				CD88EF981DC729F70023FD5F /* MeChatTableViewCell.xib in Resources */,
			);
			runOnlyForDeploymentPostprocessing = 0;
		};
		CD4D6AC51DBD1DA000643DBF /* Resources */ = {
			isa = PBXResourcesBuildPhase;
			buildActionMask = 2147483647;
			files = (
			);
			runOnlyForDeploymentPostprocessing = 0;
		};
		CD4D6AD01DBD1DA000643DBF /* Resources */ = {
			isa = PBXResourcesBuildPhase;
			buildActionMask = 2147483647;
			files = (
			);
			runOnlyForDeploymentPostprocessing = 0;
		};
/* End PBXResourcesBuildPhase section */

/* Begin PBXSourcesBuildPhase section */
		CD4D6AAF1DBD1DA000643DBF /* Sources */ = {
			isa = PBXSourcesBuildPhase;
			buildActionMask = 2147483647;
			files = (
				CDAD44B91DBD24D30052BCC9 /* routingExtension.swift in Sources */,
				CD4D6AEE1DBD1E0500643DBF /* ViewController.swift in Sources */,
				CD88EF9E1DCA412B0023FD5F /* UserCheck.swift in Sources */,
				CD4D6AEB1DBD1E0500643DBF /* keyboardExtension.swift in Sources */,
				CDAD44C81DC11B780052BCC9 /* Chat.swift in Sources */,
				CD88EF961DC729E90023FD5F /* MeChatTableViewCell.swift in Sources */,
				CD955F2D1DC16FFF0032EE3D /* imageLoader.swift in Sources */,
				CD4D6AEC1DBD1E0500643DBF /* Router.swift in Sources */,
				CD4D6AED1DBD1E0500643DBF /* userRepository.swift in Sources */,
				CD88EF9A1DC9CE750023FD5F /* ChatViewModel.swift in Sources */,
				CDAD44BB1DBD35FA0052BCC9 /* ChatController.swift in Sources */,
				CDAD44C31DBFFEF70052BCC9 /* DataRepository.swift in Sources */,
				CDCEC30B1DC1D7BE002B7549 /* DateHelper.swift in Sources */,
				CD955F291DC15E600032EE3D /* ChatTableViewCell.swift in Sources */,
				CD4D6AEA1DBD1E0500643DBF /* AppDelegate.swift in Sources */,
			);
			runOnlyForDeploymentPostprocessing = 0;
		};
		CD4D6AC31DBD1DA000643DBF /* Sources */ = {
			isa = PBXSourcesBuildPhase;
			buildActionMask = 2147483647;
			files = (
				CD88EFA21DCA48EC0023FD5F /* UsernameValidatorTests.swift in Sources */,
				CD4D6AF11DBD228D00643DBF /* userRepositoryIntegrationTests.swift in Sources */,
				CD88EF9C1DCA3BE20023FD5F /* ChatTests.swift in Sources */,
				CDCEC30D1DC2B0E9002B7549 /* DateHelpersTests.swift in Sources */,
			);
			runOnlyForDeploymentPostprocessing = 0;
		};
		CD4D6ACE1DBD1DA000643DBF /* Sources */ = {
			isa = PBXSourcesBuildPhase;
			buildActionMask = 2147483647;
			files = (
				CD4D6AD71DBD1DA000643DBF /* simpleChatUITests.swift in Sources */,
			);
			runOnlyForDeploymentPostprocessing = 0;
		};
/* End PBXSourcesBuildPhase section */

/* Begin PBXTargetDependency section */
		CD4D6AC91DBD1DA000643DBF /* PBXTargetDependency */ = {
			isa = PBXTargetDependency;
			target = CD4D6AB21DBD1DA000643DBF /* simpleChat */;
			targetProxy = CD4D6AC81DBD1DA000643DBF /* PBXContainerItemProxy */;
		};
		CD4D6AD41DBD1DA000643DBF /* PBXTargetDependency */ = {
			isa = PBXTargetDependency;
			target = CD4D6AB21DBD1DA000643DBF /* simpleChat */;
			targetProxy = CD4D6AD31DBD1DA000643DBF /* PBXContainerItemProxy */;
		};
/* End PBXTargetDependency section */

/* Begin PBXVariantGroup section */
		CD4D6ABF1DBD1DA000643DBF /* LaunchScreen.storyboard */ = {
			isa = PBXVariantGroup;
			children = (
				CD4D6AC01DBD1DA000643DBF /* Base */,
			);
			name = LaunchScreen.storyboard;
			sourceTree = "<group>";
		};
/* End PBXVariantGroup section */

/* Begin XCBuildConfiguration section */
		CD4D6AD91DBD1DA100643DBF /* Debug */ = {
			isa = XCBuildConfiguration;
			buildSettings = {
				ALWAYS_SEARCH_USER_PATHS = NO;
				CLANG_ANALYZER_NONNULL = YES;
				CLANG_CXX_LANGUAGE_STANDARD = "gnu++0x";
				CLANG_CXX_LIBRARY = "libc++";
				CLANG_ENABLE_MODULES = YES;
				CLANG_ENABLE_OBJC_ARC = YES;
				CLANG_WARN_BOOL_CONVERSION = YES;
				CLANG_WARN_CONSTANT_CONVERSION = YES;
				CLANG_WARN_DIRECT_OBJC_ISA_USAGE = YES_ERROR;
				CLANG_WARN_DOCUMENTATION_COMMENTS = YES;
				CLANG_WARN_EMPTY_BODY = YES;
				CLANG_WARN_ENUM_CONVERSION = YES;
				CLANG_WARN_INFINITE_RECURSION = YES;
				CLANG_WARN_INT_CONVERSION = YES;
				CLANG_WARN_OBJC_ROOT_CLASS = YES_ERROR;
				CLANG_WARN_SUSPICIOUS_MOVES = YES;
				CLANG_WARN_UNREACHABLE_CODE = YES;
				CLANG_WARN__DUPLICATE_METHOD_MATCH = YES;
				"CODE_SIGN_IDENTITY[sdk=iphoneos*]" = "iPhone Developer";
				COPY_PHASE_STRIP = NO;
				DEBUG_INFORMATION_FORMAT = dwarf;
				ENABLE_STRICT_OBJC_MSGSEND = YES;
				ENABLE_TESTABILITY = YES;
				GCC_C_LANGUAGE_STANDARD = gnu99;
				GCC_DYNAMIC_NO_PIC = NO;
				GCC_NO_COMMON_BLOCKS = YES;
				GCC_OPTIMIZATION_LEVEL = 0;
				GCC_PREPROCESSOR_DEFINITIONS = (
					"DEBUG=1",
					"$(inherited)",
				);
				GCC_WARN_64_TO_32_BIT_CONVERSION = YES;
				GCC_WARN_ABOUT_RETURN_TYPE = YES_ERROR;
				GCC_WARN_UNDECLARED_SELECTOR = YES;
				GCC_WARN_UNINITIALIZED_AUTOS = YES_AGGRESSIVE;
				GCC_WARN_UNUSED_FUNCTION = YES;
				GCC_WARN_UNUSED_VARIABLE = YES;
				IPHONEOS_DEPLOYMENT_TARGET = 10.0;
				MTL_ENABLE_DEBUG_INFO = YES;
				ONLY_ACTIVE_ARCH = YES;
				SDKROOT = iphoneos;
				SWIFT_ACTIVE_COMPILATION_CONDITIONS = DEBUG;
				SWIFT_OPTIMIZATION_LEVEL = "-Onone";
			};
			name = Debug;
		};
		CD4D6ADA1DBD1DA100643DBF /* Release */ = {
			isa = XCBuildConfiguration;
			buildSettings = {
				ALWAYS_SEARCH_USER_PATHS = NO;
				CLANG_ANALYZER_NONNULL = YES;
				CLANG_CXX_LANGUAGE_STANDARD = "gnu++0x";
				CLANG_CXX_LIBRARY = "libc++";
				CLANG_ENABLE_MODULES = YES;
				CLANG_ENABLE_OBJC_ARC = YES;
				CLANG_WARN_BOOL_CONVERSION = YES;
				CLANG_WARN_CONSTANT_CONVERSION = YES;
				CLANG_WARN_DIRECT_OBJC_ISA_USAGE = YES_ERROR;
				CLANG_WARN_DOCUMENTATION_COMMENTS = YES;
				CLANG_WARN_EMPTY_BODY = YES;
				CLANG_WARN_ENUM_CONVERSION = YES;
				CLANG_WARN_INFINITE_RECURSION = YES;
				CLANG_WARN_INT_CONVERSION = YES;
				CLANG_WARN_OBJC_ROOT_CLASS = YES_ERROR;
				CLANG_WARN_SUSPICIOUS_MOVES = YES;
				CLANG_WARN_UNREACHABLE_CODE = YES;
				CLANG_WARN__DUPLICATE_METHOD_MATCH = YES;
				"CODE_SIGN_IDENTITY[sdk=iphoneos*]" = "iPhone Developer";
				COPY_PHASE_STRIP = NO;
				DEBUG_INFORMATION_FORMAT = "dwarf-with-dsym";
				ENABLE_NS_ASSERTIONS = NO;
				ENABLE_STRICT_OBJC_MSGSEND = YES;
				GCC_C_LANGUAGE_STANDARD = gnu99;
				GCC_NO_COMMON_BLOCKS = YES;
				GCC_WARN_64_TO_32_BIT_CONVERSION = YES;
				GCC_WARN_ABOUT_RETURN_TYPE = YES_ERROR;
				GCC_WARN_UNDECLARED_SELECTOR = YES;
				GCC_WARN_UNINITIALIZED_AUTOS = YES_AGGRESSIVE;
				GCC_WARN_UNUSED_FUNCTION = YES;
				GCC_WARN_UNUSED_VARIABLE = YES;
				IPHONEOS_DEPLOYMENT_TARGET = 10.0;
				MTL_ENABLE_DEBUG_INFO = NO;
				SDKROOT = iphoneos;
				SWIFT_OPTIMIZATION_LEVEL = "-Owholemodule";
				VALIDATE_PRODUCT = YES;
			};
			name = Release;
		};
		CD4D6ADC1DBD1DA100643DBF /* Debug */ = {
			isa = XCBuildConfiguration;
			buildSettings = {
				CLANG_ENABLE_MODULES = YES;
				DEVELOPMENT_TEAM = 9SDMDTJ5TT;
				INFOPLIST_FILE = simpleChat/Info.plist;
				LD_RUNPATH_SEARCH_PATHS = "$(inherited) @executable_path/Frameworks";
				PRODUCT_BUNDLE_IDENTIFIER = com.raimonlapuente.simple.chat.simpleChat;
				PRODUCT_NAME = "$(TARGET_NAME)";
				SWIFT_OPTIMIZATION_LEVEL = "-Onone";
				SWIFT_VERSION = 3.0;
			};
			name = Debug;
		};
		CD4D6ADD1DBD1DA100643DBF /* Release */ = {
			isa = XCBuildConfiguration;
			buildSettings = {
				CLANG_ENABLE_MODULES = YES;
				DEVELOPMENT_TEAM = 9SDMDTJ5TT;
				INFOPLIST_FILE = simpleChat/Info.plist;
				LD_RUNPATH_SEARCH_PATHS = "$(inherited) @executable_path/Frameworks";
				PRODUCT_BUNDLE_IDENTIFIER = com.raimonlapuente.simple.chat.simpleChat;
				PRODUCT_NAME = "$(TARGET_NAME)";
				SWIFT_VERSION = 3.0;
			};
			name = Release;
		};
		CD4D6ADF1DBD1DA100643DBF /* Debug */ = {
			isa = XCBuildConfiguration;
			buildSettings = {
				ALWAYS_EMBED_SWIFT_STANDARD_LIBRARIES = YES;
				BUNDLE_LOADER = "$(TEST_HOST)";
				DEVELOPMENT_TEAM = 9SDMDTJ5TT;
				INFOPLIST_FILE = simpleChatTests/Info.plist;
				LD_RUNPATH_SEARCH_PATHS = "$(inherited) @executable_path/Frameworks @loader_path/Frameworks";
				PRODUCT_BUNDLE_IDENTIFIER = com.raimonlapuente.simple.chat.simpleChatTests;
				PRODUCT_NAME = "$(TARGET_NAME)";
				SWIFT_VERSION = 3.0;
				TEST_HOST = "$(BUILT_PRODUCTS_DIR)/simpleChat.app/simpleChat";
			};
			name = Debug;
		};
		CD4D6AE01DBD1DA100643DBF /* Release */ = {
			isa = XCBuildConfiguration;
			buildSettings = {
				ALWAYS_EMBED_SWIFT_STANDARD_LIBRARIES = YES;
				BUNDLE_LOADER = "$(TEST_HOST)";
				DEVELOPMENT_TEAM = 9SDMDTJ5TT;
				INFOPLIST_FILE = simpleChatTests/Info.plist;
				LD_RUNPATH_SEARCH_PATHS = "$(inherited) @executable_path/Frameworks @loader_path/Frameworks";
				PRODUCT_BUNDLE_IDENTIFIER = com.raimonlapuente.simple.chat.simpleChatTests;
				PRODUCT_NAME = "$(TARGET_NAME)";
				SWIFT_VERSION = 3.0;
				TEST_HOST = "$(BUILT_PRODUCTS_DIR)/simpleChat.app/simpleChat";
			};
			name = Release;
		};
		CD4D6AE21DBD1DA100643DBF /* Debug */ = {
			isa = XCBuildConfiguration;
			buildSettings = {
				ALWAYS_EMBED_SWIFT_STANDARD_LIBRARIES = YES;
				DEVELOPMENT_TEAM = 9SDMDTJ5TT;
				INFOPLIST_FILE = simpleChatUITests/Info.plist;
				LD_RUNPATH_SEARCH_PATHS = "$(inherited) @executable_path/Frameworks @loader_path/Frameworks";
				PRODUCT_BUNDLE_IDENTIFIER = com.raimonlapuente.simple.chat.simpleChatUITests;
				PRODUCT_NAME = "$(TARGET_NAME)";
				SWIFT_VERSION = 3.0;
				TEST_TARGET_NAME = simpleChat;
			};
			name = Debug;
		};
		CD4D6AE31DBD1DA100643DBF /* Release */ = {
			isa = XCBuildConfiguration;
			buildSettings = {
				ALWAYS_EMBED_SWIFT_STANDARD_LIBRARIES = YES;
				DEVELOPMENT_TEAM = 9SDMDTJ5TT;
				INFOPLIST_FILE = simpleChatUITests/Info.plist;
				LD_RUNPATH_SEARCH_PATHS = "$(inherited) @executable_path/Frameworks @loader_path/Frameworks";
				PRODUCT_BUNDLE_IDENTIFIER = com.raimonlapuente.simple.chat.simpleChatUITests;
				PRODUCT_NAME = "$(TARGET_NAME)";
				SWIFT_VERSION = 3.0;
				TEST_TARGET_NAME = simpleChat;
			};
			name = Release;
		};
/* End XCBuildConfiguration section */

/* Begin XCConfigurationList section */
		CD4D6AAE1DBD1DA000643DBF /* Build configuration list for PBXProject "simpleChat" */ = {
			isa = XCConfigurationList;
			buildConfigurations = (
				CD4D6AD91DBD1DA100643DBF /* Debug */,
				CD4D6ADA1DBD1DA100643DBF /* Release */,
			);
			defaultConfigurationIsVisible = 0;
			defaultConfigurationName = Release;
		};
		CD4D6ADB1DBD1DA100643DBF /* Build configuration list for PBXNativeTarget "simpleChat" */ = {
			isa = XCConfigurationList;
			buildConfigurations = (
				CD4D6ADC1DBD1DA100643DBF /* Debug */,
				CD4D6ADD1DBD1DA100643DBF /* Release */,
			);
			defaultConfigurationIsVisible = 0;
			defaultConfigurationName = Release;
		};
		CD4D6ADE1DBD1DA100643DBF /* Build configuration list for PBXNativeTarget "simpleChatTests" */ = {
			isa = XCConfigurationList;
			buildConfigurations = (
				CD4D6ADF1DBD1DA100643DBF /* Debug */,
				CD4D6AE01DBD1DA100643DBF /* Release */,
			);
			defaultConfigurationIsVisible = 0;
			defaultConfigurationName = Release;
		};
		CD4D6AE11DBD1DA100643DBF /* Build configuration list for PBXNativeTarget "simpleChatUITests" */ = {
			isa = XCConfigurationList;
			buildConfigurations = (
				CD4D6AE21DBD1DA100643DBF /* Debug */,
				CD4D6AE31DBD1DA100643DBF /* Release */,
			);
			defaultConfigurationIsVisible = 0;
			defaultConfigurationName = Release;
		};
/* End XCConfigurationList section */
	};
	rootObject = CD4D6AAB1DBD1DA000643DBF /* Project object */;
}
